// !$*UTF8*$!
{
	archiveVersion = 1;
	classes = {
	};
	objectVersion = 46;
	objects = {

/* Begin PBXBuildFile section */
		9C5C92411BA1829300D859FB /* libiconv.dylib in Frameworks */ = {isa = PBXBuildFile; fileRef = 9C9269141BA14C8300E6D71A /* libiconv.dylib */; };
		9C7AB7E31B9FFC8A005380DC /* libavcodec.a in Frameworks */ = {isa = PBXBuildFile; fileRef = 9C7AB7DF1B9FFC8A005380DC /* libavcodec.a */; };
		9C7AB7E41B9FFC8A005380DC /* libavutil.a in Frameworks */ = {isa = PBXBuildFile; fileRef = 9C7AB7E01B9FFC8A005380DC /* libavutil.a */; };
		9CE155A21B9ED9D100FFF8F6 /* testsvcdec.c in Sources */ = {isa = PBXBuildFile; fileRef = 9CE155A11B9ED9D100FFF8F6 /* testsvcdec.c */; };
		9CE155A41B9EDD3600FFF8F6 /* libsvcdec.a in Frameworks */ = {isa = PBXBuildFile; fileRef = 9CE155A31B9EDD3600FFF8F6 /* libsvcdec.a */; };
/* End PBXBuildFile section */

/* Begin PBXCopyFilesBuildPhase section */
		9CE1558E1B9ED97900FFF8F6 /* CopyFiles */ = {
			isa = PBXCopyFilesBuildPhase;
			buildActionMask = 2147483647;
			dstPath = /usr/share/man/man1/;
			dstSubfolderSpec = 0;
			files = (
			);
			runOnlyForDeploymentPostprocessing = 1;
		};
/* End PBXCopyFilesBuildPhase section */

/* Begin PBXFileReference section */
		9C7AB7DF1B9FFC8A005380DC /* libavcodec.a */ = {isa = PBXFileReference; lastKnownFileType = archive.ar; name = libavcodec.a; path = ../../../H264decoder/bin/mac/Debug/libavcodec.a; sourceTree = "<group>"; };
		9C7AB7E01B9FFC8A005380DC /* libavutil.a */ = {isa = PBXFileReference; lastKnownFileType = archive.ar; name = libavutil.a; path = ../../../H264decoder/bin/mac/Debug/libavutil.a; sourceTree = "<group>"; };
		9C9269141BA14C8300E6D71A /* libiconv.dylib */ = {isa = PBXFileReference; lastKnownFileType = "compiled.mach-o.dylib"; name = libiconv.dylib; path = usr/lib/libiconv.dylib; sourceTree = SDKROOT; };
		9CE155901B9ED97900FFF8F6 /* testsvcdec */ = {isa = PBXFileReference; explicitFileType = "compiled.mach-o.executable"; includeInIndex = 0; path = testsvcdec; sourceTree = BUILT_PRODUCTS_DIR; };
		9CE155A11B9ED9D100FFF8F6 /* testsvcdec.c */ = {isa = PBXFileReference; fileEncoding = 4; lastKnownFileType = sourcecode.c.c; name = testsvcdec.c; path = ../../test/mac/testsvcdec.c; sourceTree = "<group>"; };
		9CE155A31B9EDD3600FFF8F6 /* libsvcdec.a */ = {isa = PBXFileReference; lastKnownFileType = archive.ar; name = libsvcdec.a; path = ../../bin/mac/Debug/libsvcdec.a; sourceTree = "<group>"; };
/* End PBXFileReference section */

/* Begin PBXFrameworksBuildPhase section */
		9CE1558D1B9ED97900FFF8F6 /* Frameworks */ = {
			isa = PBXFrameworksBuildPhase;
			buildActionMask = 2147483647;
			files = (
				9C5C92411BA1829300D859FB /* libiconv.dylib in Frameworks */,
				9C7AB7E31B9FFC8A005380DC /* libavcodec.a in Frameworks */,
				9C7AB7E41B9FFC8A005380DC /* libavutil.a in Frameworks */,
				9CE155A41B9EDD3600FFF8F6 /* libsvcdec.a in Frameworks */,
			);
			runOnlyForDeploymentPostprocessing = 0;
		};
/* End PBXFrameworksBuildPhase section */

/* Begin PBXGroup section */
		9CE155871B9ED97900FFF8F6 = {
			isa = PBXGroup;
			children = (
				9C9269141BA14C8300E6D71A /* libiconv.dylib */,
				9C7AB7DF1B9FFC8A005380DC /* libavcodec.a */,
				9C7AB7E01B9FFC8A005380DC /* libavutil.a */,
				9CE155A31B9EDD3600FFF8F6 /* libsvcdec.a */,
				9CE155A11B9ED9D100FFF8F6 /* testsvcdec.c */,
				9CE155911B9ED97900FFF8F6 /* Products */,
			);
			sourceTree = "<group>";
		};
		9CE155911B9ED97900FFF8F6 /* Products */ = {
			isa = PBXGroup;
			children = (
				9CE155901B9ED97900FFF8F6 /* testsvcdec */,
			);
			name = Products;
			sourceTree = "<group>";
		};
/* End PBXGroup section */

/* Begin PBXNativeTarget section */
		9CE1558F1B9ED97900FFF8F6 /* testsvcdec */ = {
			isa = PBXNativeTarget;
			buildConfigurationList = 9CE155971B9ED97900FFF8F6 /* Build configuration list for PBXNativeTarget "testsvcdec" */;
			buildPhases = (
				9CE1558C1B9ED97900FFF8F6 /* Sources */,
				9CE1558D1B9ED97900FFF8F6 /* Frameworks */,
				9CE1558E1B9ED97900FFF8F6 /* CopyFiles */,
			);
			buildRules = (
			);
			dependencies = (
			);
			name = testsvcdec;
			productName = testsvcdec;
			productReference = 9CE155901B9ED97900FFF8F6 /* testsvcdec */;
			productType = "com.apple.product-type.tool";
		};
/* End PBXNativeTarget section */

/* Begin PBXProject section */
		9CE155881B9ED97900FFF8F6 /* Project object */ = {
			isa = PBXProject;
			attributes = {
				LastUpgradeCheck = 0610;
				ORGANIZATIONNAME = Gnet_xxx;
				TargetAttributes = {
					9CE1558F1B9ED97900FFF8F6 = {
						CreatedOnToolsVersion = 6.1;
					};
				};
			};
			buildConfigurationList = 9CE1558B1B9ED97900FFF8F6 /* Build configuration list for PBXProject "testsvcdec" */;
			compatibilityVersion = "Xcode 3.2";
			developmentRegion = English;
			hasScannedForEncodings = 0;
			knownRegions = (
				en,
			);
			mainGroup = 9CE155871B9ED97900FFF8F6;
			productRefGroup = 9CE155911B9ED97900FFF8F6 /* Products */;
			projectDirPath = "";
			projectRoot = "";
			targets = (
				9CE1558F1B9ED97900FFF8F6 /* testsvcdec */,
			);
		};
/* End PBXProject section */

/* Begin PBXSourcesBuildPhase section */
		9CE1558C1B9ED97900FFF8F6 /* Sources */ = {
			isa = PBXSourcesBuildPhase;
			buildActionMask = 2147483647;
			files = (
				9CE155A21B9ED9D100FFF8F6 /* testsvcdec.c in Sources */,
			);
			runOnlyForDeploymentPostprocessing = 0;
		};
/* End PBXSourcesBuildPhase section */

/* Begin XCBuildConfiguration section */
		9CE155951B9ED97900FFF8F6 /* Debug */ = {
			isa = XCBuildConfiguration;
			buildSettings = {
				ALWAYS_SEARCH_USER_PATHS = NO;
				CLANG_CXX_LANGUAGE_STANDARD = "gnu++0x";
				CLANG_CXX_LIBRARY = "libc++";
				CLANG_ENABLE_MODULES = YES;
				CLANG_ENABLE_OBJC_ARC = YES;
				CLANG_WARN_BOOL_CONVERSION = YES;
				CLANG_WARN_CONSTANT_CONVERSION = YES;
				CLANG_WARN_DIRECT_OBJC_ISA_USAGE = YES_ERROR;
				CLANG_WARN_EMPTY_BODY = YES;
				CLANG_WARN_ENUM_CONVERSION = YES;
				CLANG_WARN_INT_CONVERSION = YES;
				CLANG_WARN_OBJC_ROOT_CLASS = YES_ERROR;
				CLANG_WARN_UNREACHABLE_CODE = YES;
				CLANG_WARN__DUPLICATE_METHOD_MATCH = YES;
				COPY_PHASE_STRIP = NO;
				ENABLE_STRICT_OBJC_MSGSEND = YES;
				GCC_C_LANGUAGE_STANDARD = gnu99;
				GCC_DYNAMIC_NO_PIC = NO;
				GCC_OPTIMIZATION_LEVEL = 0;
				GCC_PREPROCESSOR_DEFINITIONS = (
					"DEBUG=1",
					"$(inherited)",
				);
				GCC_SYMBOLS_PRIVATE_EXTERN = NO;
				GCC_WARN_64_TO_32_BIT_CONVERSION = YES;
				GCC_WARN_ABOUT_RETURN_TYPE = YES_ERROR;
				GCC_WARN_UNDECLARED_SELECTOR = YES;
				GCC_WARN_UNINITIALIZED_AUTOS = YES_AGGRESSIVE;
				GCC_WARN_UNUSED_FUNCTION = YES;
				GCC_WARN_UNUSED_VARIABLE = YES;
				MACOSX_DEPLOYMENT_TARGET = 10.10;
				MTL_ENABLE_DEBUG_INFO = YES;
				ONLY_ACTIVE_ARCH = YES;
				SDKROOT = macosx;
			};
			name = Debug;
		};
		9CE155961B9ED97900FFF8F6 /* Release */ = {
			isa = XCBuildConfiguration;
			buildSettings = {
				ALWAYS_SEARCH_USER_PATHS = NO;
				CLANG_CXX_LANGUAGE_STANDARD = "gnu++0x";
				CLANG_CXX_LIBRARY = "libc++";
				CLANG_ENABLE_MODULES = YES;
				CLANG_ENABLE_OBJC_ARC = YES;
				CLANG_WARN_BOOL_CONVERSION = YES;
				CLANG_WARN_CONSTANT_CONVERSION = YES;
				CLANG_WARN_DIRECT_OBJC_ISA_USAGE = YES_ERROR;
				CLANG_WARN_EMPTY_BODY = YES;
				CLANG_WARN_ENUM_CONVERSION = YES;
				CLANG_WARN_INT_CONVERSION = YES;
				CLANG_WARN_OBJC_ROOT_CLASS = YES_ERROR;
				CLANG_WARN_UNREACHABLE_CODE = YES;
				CLANG_WARN__DUPLICATE_METHOD_MATCH = YES;
				COPY_PHASE_STRIP = YES;
				DEBUG_INFORMATION_FORMAT = "dwarf-with-dsym";
				ENABLE_NS_ASSERTIONS = NO;
				ENABLE_STRICT_OBJC_MSGSEND = YES;
				GCC_C_LANGUAGE_STANDARD = gnu99;
				GCC_WARN_64_TO_32_BIT_CONVERSION = YES;
				GCC_WARN_ABOUT_RETURN_TYPE = YES_ERROR;
				GCC_WARN_UNDECLARED_SELECTOR = YES;
				GCC_WARN_UNINITIALIZED_AUTOS = YES_AGGRESSIVE;
				GCC_WARN_UNUSED_FUNCTION = YES;
				GCC_WARN_UNUSED_VARIABLE = YES;
				MACOSX_DEPLOYMENT_TARGET = 10.10;
				MTL_ENABLE_DEBUG_INFO = NO;
				SDKROOT = macosx;
			};
			name = Release;
		};
		9CE155981B9ED97900FFF8F6 /* Debug */ = {
			isa = XCBuildConfiguration;
			buildSettings = {
				LIBRARY_SEARCH_PATHS = (
					"$(inherited)",
					../../bin/mac/Debug,
				);
				PRODUCT_NAME = "$(TARGET_NAME)";
				SYMROOT = ../../bin/mac;
			};
			name = Debug;
		};
		9CE155991B9ED97900FFF8F6 /* Release */ = {
			isa = XCBuildConfiguration;
			buildSettings = {
				LIBRARY_SEARCH_PATHS = (
					"$(inherited)",
					../../bin/mac/Release,
				);
				PRODUCT_NAME = "$(TARGET_NAME)";
				SYMROOT = ../../bin/mac;
			};
			name = Release;
		};
/* End XCBuildConfiguration section */

/* Begin XCConfigurationList section */
		9CE1558B1B9ED97900FFF8F6 /* Build configuration list for PBXProject "testsvcdec" */ = {
			isa = XCConfigurationList;
			buildConfigurations = (
				9CE155951B9ED97900FFF8F6 /* Debug */,
				9CE155961B9ED97900FFF8F6 /* Release */,
			);
			defaultConfigurationIsVisible = 0;
			defaultConfigurationName = Release;
		};
		9CE155971B9ED97900FFF8F6 /* Build configuration list for PBXNativeTarget "testsvcdec" */ = {
			isa = XCConfigurationList;
			buildConfigurations = (
				9CE155981B9ED97900FFF8F6 /* Debug */,
				9CE155991B9ED97900FFF8F6 /* Release */,
			);
			defaultConfigurationIsVisible = 0;
			defaultConfigurationName = Release;
		};
/* End XCConfigurationList section */
	};
	rootObject = 9CE155881B9ED97900FFF8F6 /* Project object */;
}
