// !$*UTF8*$!
{
	archiveVersion = 1;
	classes = {
	};
	objectVersion = 46;
	objects = {

/* Begin PBXBuildFile section */
		CC2092131B73708C00E0D414 /* gve_h264encode.c in Sources */ = {isa = PBXBuildFile; fileRef = CC2092111B73708C00E0D414 /* gve_h264encode.c */; };
		CC2092141B73708C00E0D414 /* h264encrtp.c in Sources */ = {isa = PBXBuildFile; fileRef = CC2092121B73708C00E0D414 /* h264encrtp.c */; };
/* End PBXBuildFile section */

/* Begin PBXCopyFilesBuildPhase section */
		CC2091C61B736C7700E0D414 /* CopyFiles */ = {
			isa = PBXCopyFilesBuildPhase;
			buildActionMask = 2147483647;
			dstPath = "include/$(PRODUCT_NAME)";
			dstSubfolderSpec = 16;
			files = (
			);
			runOnlyForDeploymentPostprocessing = 0;
		};
/* End PBXCopyFilesBuildPhase section */

/* Begin PBXFileReference section */
		CC2091C81B736C7700E0D414 /* libh264enc.a */ = {isa = PBXFileReference; explicitFileType = archive.ar; includeInIndex = 0; path = libh264enc.a; sourceTree = BUILT_PRODUCTS_DIR; };
		CC2092111B73708C00E0D414 /* gve_h264encode.c */ = {isa = PBXFileReference; lastKnownFileType = sourcecode.c.c; name = gve_h264encode.c; path = ../../src/gve_h264encode.c; sourceTree = "<group>"; };
		CC2092121B73708C00E0D414 /* h264encrtp.c */ = {isa = PBXFileReference; lastKnownFileType = sourcecode.c.c; name = h264encrtp.c; path = ../../src/h264encrtp.c; sourceTree = "<group>"; };
/* End PBXFileReference section */

/* Begin PBXFrameworksBuildPhase section */
		CC2091C51B736C7700E0D414 /* Frameworks */ = {
			isa = PBXFrameworksBuildPhase;
			buildActionMask = 2147483647;
			files = (
			);
			runOnlyForDeploymentPostprocessing = 0;
		};
/* End PBXFrameworksBuildPhase section */

/* Begin PBXGroup section */
		CC2091BF1B736C7700E0D414 = {
			isa = PBXGroup;
			children = (
				CC2092111B73708C00E0D414 /* gve_h264encode.c */,
				CC2092121B73708C00E0D414 /* h264encrtp.c */,
				CC2091C91B736C7700E0D414 /* Products */,
			);
			sourceTree = "<group>";
		};
		CC2091C91B736C7700E0D414 /* Products */ = {
			isa = PBXGroup;
			children = (
				CC2091C81B736C7700E0D414 /* libh264enc.a */,
			);
			name = Products;
			sourceTree = "<group>";
		};
/* End PBXGroup section */

/* Begin PBXNativeTarget section */
		CC2091C71B736C7700E0D414 /* h264enc */ = {
			isa = PBXNativeTarget;
			buildConfigurationList = CC2091DC1B736C7700E0D414 /* Build configuration list for PBXNativeTarget "h264enc" */;
			buildPhases = (
				CC2091C41B736C7700E0D414 /* Sources */,
				CC2091C51B736C7700E0D414 /* Frameworks */,
				CC2091C61B736C7700E0D414 /* CopyFiles */,
			);
			buildRules = (
			);
			dependencies = (
			);
			name = h264enc;
			productName = h264enc;
			productReference = CC2091C81B736C7700E0D414 /* libh264enc.a */;
			productType = "com.apple.product-type.library.static";
		};
/* End PBXNativeTarget section */

/* Begin PBXProject section */
		CC2091C01B736C7700E0D414 /* Project object */ = {
			isa = PBXProject;
			attributes = {
				LastUpgradeCheck = 0610;
				ORGANIZATIONNAME = gnet;
				TargetAttributes = {
					CC2091C71B736C7700E0D414 = {
						CreatedOnToolsVersion = 6.1;
					};
				};
			};
			buildConfigurationList = CC2091C31B736C7700E0D414 /* Build configuration list for PBXProject "h264enc" */;
			compatibilityVersion = "Xcode 3.2";
			developmentRegion = English;
			hasScannedForEncodings = 0;
			knownRegions = (
				en,
			);
			mainGroup = CC2091BF1B736C7700E0D414;
			productRefGroup = CC2091C91B736C7700E0D414 /* Products */;
			projectDirPath = "";
			projectRoot = "";
			targets = (
				CC2091C71B736C7700E0D414 /* h264enc */,
			);
		};
/* End PBXProject section */

/* Begin PBXSourcesBuildPhase section */
		CC2091C41B736C7700E0D414 /* Sources */ = {
			isa = PBXSourcesBuildPhase;
			buildActionMask = 2147483647;
			files = (
				CC2092131B73708C00E0D414 /* gve_h264encode.c in Sources */,
				CC2092141B73708C00E0D414 /* h264encrtp.c in Sources */,
			);
			runOnlyForDeploymentPostprocessing = 0;
		};
/* End PBXSourcesBuildPhase section */

/* Begin XCBuildConfiguration section */
		CC2091DA1B736C7700E0D414 /* Debug */ = {
			isa = XCBuildConfiguration;
			buildSettings = {
				ALWAYS_SEARCH_USER_PATHS = NO;
				CLANG_CXX_LANGUAGE_STANDARD = "gnu++0x";
				CLANG_CXX_LIBRARY = "libc++";
				CLANG_ENABLE_MODULES = YES;
				CLANG_ENABLE_OBJC_ARC = YES;
				CLANG_WARN_BOOL_CONVERSION = YES;
				CLANG_WARN_CONSTANT_CONVERSION = YES;
				CLANG_WARN_DIRECT_OBJC_ISA_USAGE = YES_ERROR;
				CLANG_WARN_EMPTY_BODY = YES;
				CLANG_WARN_ENUM_CONVERSION = YES;
				CLANG_WARN_INT_CONVERSION = YES;
				CLANG_WARN_OBJC_ROOT_CLASS = YES_ERROR;
				CLANG_WARN_UNREACHABLE_CODE = YES;
				CLANG_WARN__DUPLICATE_METHOD_MATCH = YES;
				COPY_PHASE_STRIP = NO;
				ENABLE_STRICT_OBJC_MSGSEND = YES;
				GCC_C_LANGUAGE_STANDARD = gnu99;
				GCC_DYNAMIC_NO_PIC = NO;
				GCC_OPTIMIZATION_LEVEL = 0;
				GCC_PREPROCESSOR_DEFINITIONS = (
					"DEBUG=1",
					"$(inherited)",
				);
				GCC_SYMBOLS_PRIVATE_EXTERN = NO;
				GCC_WARN_64_TO_32_BIT_CONVERSION = YES;
				GCC_WARN_ABOUT_RETURN_TYPE = YES_ERROR;
				GCC_WARN_UNDECLARED_SELECTOR = YES;
				GCC_WARN_UNINITIALIZED_AUTOS = YES_AGGRESSIVE;
				GCC_WARN_UNUSED_FUNCTION = YES;
				GCC_WARN_UNUSED_VARIABLE = YES;
				IPHONEOS_DEPLOYMENT_TARGET = 7.0;
				MTL_ENABLE_DEBUG_INFO = YES;
				ONLY_ACTIVE_ARCH = YES;
				SDKROOT = iphoneos;
				VALID_ARCHS = "arm64 armv7";
			};
			name = Debug;
		};
		CC2091DB1B736C7700E0D414 /* Release */ = {
			isa = XCBuildConfiguration;
			buildSettings = {
				ALWAYS_SEARCH_USER_PATHS = NO;
				CLANG_CXX_LANGUAGE_STANDARD = "gnu++0x";
				CLANG_CXX_LIBRARY = "libc++";
				CLANG_ENABLE_MODULES = YES;
				CLANG_ENABLE_OBJC_ARC = YES;
				CLANG_WARN_BOOL_CONVERSION = YES;
				CLANG_WARN_CONSTANT_CONVERSION = YES;
				CLANG_WARN_DIRECT_OBJC_ISA_USAGE = YES_ERROR;
				CLANG_WARN_EMPTY_BODY = YES;
				CLANG_WARN_ENUM_CONVERSION = YES;
				CLANG_WARN_INT_CONVERSION = YES;
				CLANG_WARN_OBJC_ROOT_CLASS = YES_ERROR;
				CLANG_WARN_UNREACHABLE_CODE = YES;
				CLANG_WARN__DUPLICATE_METHOD_MATCH = YES;
				COPY_PHASE_STRIP = YES;
				ENABLE_NS_ASSERTIONS = NO;
				ENABLE_STRICT_OBJC_MSGSEND = YES;
				GCC_C_LANGUAGE_STANDARD = gnu99;
				GCC_WARN_64_TO_32_BIT_CONVERSION = YES;
				GCC_WARN_ABOUT_RETURN_TYPE = YES_ERROR;
				GCC_WARN_UNDECLARED_SELECTOR = YES;
				GCC_WARN_UNINITIALIZED_AUTOS = YES_AGGRESSIVE;
				GCC_WARN_UNUSED_FUNCTION = YES;
				GCC_WARN_UNUSED_VARIABLE = YES;
				IPHONEOS_DEPLOYMENT_TARGET = 7.0;
				MTL_ENABLE_DEBUG_INFO = NO;
				SDKROOT = iphoneos;
				VALIDATE_PRODUCT = YES;
				VALID_ARCHS = "arm64 armv7";
			};
			name = Release;
		};
		CC2091DD1B736C7700E0D414 /* Debug */ = {
			isa = XCBuildConfiguration;
			buildSettings = {
				ONLY_ACTIVE_ARCH = NO;
				OTHER_LDFLAGS = "-ObjC";
				PRODUCT_NAME = "$(TARGET_NAME)";
				SKIP_INSTALL = YES;
			};
			name = Debug;
		};
		CC2091DE1B736C7700E0D414 /* Release */ = {
			isa = XCBuildConfiguration;
			buildSettings = {
				OTHER_LDFLAGS = "-ObjC";
				PRODUCT_NAME = "$(TARGET_NAME)";
				SKIP_INSTALL = YES;
			};
			name = Release;
		};
/* End XCBuildConfiguration section */

/* Begin XCConfigurationList section */
		CC2091C31B736C7700E0D414 /* Build configuration list for PBXProject "h264enc" */ = {
			isa = XCConfigurationList;
			buildConfigurations = (
				CC2091DA1B736C7700E0D414 /* Debug */,
				CC2091DB1B736C7700E0D414 /* Release */,
			);
			defaultConfigurationIsVisible = 0;
			defaultConfigurationName = Release;
		};
		CC2091DC1B736C7700E0D414 /* Build configuration list for PBXNativeTarget "h264enc" */ = {
			isa = XCConfigurationList;
			buildConfigurations = (
				CC2091DD1B736C7700E0D414 /* Debug */,
				CC2091DE1B736C7700E0D414 /* Release */,
			);
			defaultConfigurationIsVisible = 0;
			defaultConfigurationName = Release;
		};
/* End XCConfigurationList section */
	};
	rootObject = CC2091C01B736C7700E0D414 /* Project object */;
}
