// !$*UTF8*$!
{
	archiveVersion = 1;
	classes = {
	};
	objectVersion = 46;
	objects = {

/* Begin PBXBuildFile section */
		CCABDFD51B7330DE009876AE /* svcenc_rtp.c in Sources */ = {isa = PBXBuildFile; fileRef = CCABDFD31B7330DE009876AE /* svcenc_rtp.c */; };
		CCABDFD61B7330DE009876AE /* svcenclib.c in Sources */ = {isa = PBXBuildFile; fileRef = CCABDFD41B7330DE009876AE /* svcenclib.c */; };
/* End PBXBuildFile section */

/* Begin PBXCopyFilesBuildPhase section */
		CCABDFB71B733066009876AE /* CopyFiles */ = {
			isa = PBXCopyFilesBuildPhase;
			buildActionMask = 2147483647;
			dstPath = "include/$(PRODUCT_NAME)";
			dstSubfolderSpec = 16;
			files = (
			);
			runOnlyForDeploymentPostprocessing = 0;
		};
/* End PBXCopyFilesBuildPhase section */

/* Begin PBXFileReference section */
		CCABDFB91B733066009876AE /* libsvcenc.a */ = {isa = PBXFileReference; explicitFileType = archive.ar; includeInIndex = 0; path = libsvcenc.a; sourceTree = BUILT_PRODUCTS_DIR; };
		CCABDFD31B7330DE009876AE /* svcenc_rtp.c */ = {isa = PBXFileReference; lastKnownFileType = sourcecode.c.c; name = svcenc_rtp.c; path = ../../src/svcenc_rtp.c; sourceTree = "<group>"; };
		CCABDFD41B7330DE009876AE /* svcenclib.c */ = {isa = PBXFileReference; lastKnownFileType = sourcecode.c.c; name = svcenclib.c; path = ../../src/svcenclib.c; sourceTree = "<group>"; };
/* End PBXFileReference section */

/* Begin PBXFrameworksBuildPhase section */
		CCABDFB61B733066009876AE /* Frameworks */ = {
			isa = PBXFrameworksBuildPhase;
			buildActionMask = 2147483647;
			files = (
			);
			runOnlyForDeploymentPostprocessing = 0;
		};
/* End PBXFrameworksBuildPhase section */

/* Begin PBXGroup section */
		CCABDFB01B733066009876AE = {
			isa = PBXGroup;
			children = (
				CCABDFD31B7330DE009876AE /* svcenc_rtp.c */,
				CCABDFD41B7330DE009876AE /* svcenclib.c */,
				CCABDFBA1B733066009876AE /* Products */,
			);
			sourceTree = "<group>";
		};
		CCABDFBA1B733066009876AE /* Products */ = {
			isa = PBXGroup;
			children = (
				CCABDFB91B733066009876AE /* libsvcenc.a */,
			);
			name = Products;
			sourceTree = "<group>";
		};
/* End PBXGroup section */

/* Begin PBXNativeTarget section */
		CCABDFB81B733066009876AE /* svcenc */ = {
			isa = PBXNativeTarget;
			buildConfigurationList = CCABDFCD1B733066009876AE /* Build configuration list for PBXNativeTarget "svcenc" */;
			buildPhases = (
				CCABDFB51B733066009876AE /* Sources */,
				CCABDFB61B733066009876AE /* Frameworks */,
				CCABDFB71B733066009876AE /* CopyFiles */,
			);
			buildRules = (
			);
			dependencies = (
			);
			name = svcenc;
			productName = svcenc;
			productReference = CCABDFB91B733066009876AE /* libsvcenc.a */;
			productType = "com.apple.product-type.library.static";
		};
/* End PBXNativeTarget section */

/* Begin PBXProject section */
		CCABDFB11B733066009876AE /* Project object */ = {
			isa = PBXProject;
			attributes = {
				LastUpgradeCheck = 0610;
				ORGANIZATIONNAME = gnet;
				TargetAttributes = {
					CCABDFB81B733066009876AE = {
						CreatedOnToolsVersion = 6.1;
					};
				};
			};
			buildConfigurationList = CCABDFB41B733066009876AE /* Build configuration list for PBXProject "svcenc" */;
			compatibilityVersion = "Xcode 3.2";
			developmentRegion = English;
			hasScannedForEncodings = 0;
			knownRegions = (
				en,
			);
			mainGroup = CCABDFB01B733066009876AE;
			productRefGroup = CCABDFBA1B733066009876AE /* Products */;
			projectDirPath = "";
			projectRoot = "";
			targets = (
				CCABDFB81B733066009876AE /* svcenc */,
			);
		};
/* End PBXProject section */

/* Begin PBXSourcesBuildPhase section */
		CCABDFB51B733066009876AE /* Sources */ = {
			isa = PBXSourcesBuildPhase;
			buildActionMask = 2147483647;
			files = (
				CCABDFD51B7330DE009876AE /* svcenc_rtp.c in Sources */,
				CCABDFD61B7330DE009876AE /* svcenclib.c in Sources */,
			);
			runOnlyForDeploymentPostprocessing = 0;
		};
/* End PBXSourcesBuildPhase section */

/* Begin XCBuildConfiguration section */
		CCABDFCB1B733066009876AE /* Debug */ = {
			isa = XCBuildConfiguration;
			buildSettings = {
				ALWAYS_SEARCH_USER_PATHS = NO;
				CLANG_CXX_LANGUAGE_STANDARD = "gnu++0x";
				CLANG_CXX_LIBRARY = "libc++";
				CLANG_ENABLE_MODULES = YES;
				CLANG_ENABLE_OBJC_ARC = YES;
				CLANG_WARN_BOOL_CONVERSION = YES;
				CLANG_WARN_CONSTANT_CONVERSION = YES;
				CLANG_WARN_DIRECT_OBJC_ISA_USAGE = YES_ERROR;
				CLANG_WARN_EMPTY_BODY = YES;
				CLANG_WARN_ENUM_CONVERSION = YES;
				CLANG_WARN_INT_CONVERSION = YES;
				CLANG_WARN_OBJC_ROOT_CLASS = YES_ERROR;
				CLANG_WARN_UNREACHABLE_CODE = YES;
				CLANG_WARN__DUPLICATE_METHOD_MATCH = YES;
				COPY_PHASE_STRIP = NO;
				ENABLE_STRICT_OBJC_MSGSEND = YES;
				GCC_C_LANGUAGE_STANDARD = gnu99;
				GCC_DYNAMIC_NO_PIC = NO;
				GCC_OPTIMIZATION_LEVEL = 0;
				GCC_PREPROCESSOR_DEFINITIONS = (
					"DEBUG=1",
					"$(inherited)",
				);
				GCC_SYMBOLS_PRIVATE_EXTERN = NO;
				GCC_WARN_64_TO_32_BIT_CONVERSION = YES;
				GCC_WARN_ABOUT_RETURN_TYPE = YES_ERROR;
				GCC_WARN_UNDECLARED_SELECTOR = YES;
				GCC_WARN_UNINITIALIZED_AUTOS = YES_AGGRESSIVE;
				GCC_WARN_UNUSED_FUNCTION = YES;
				GCC_WARN_UNUSED_VARIABLE = YES;
				IPHONEOS_DEPLOYMENT_TARGET = 7.0;
				MTL_ENABLE_DEBUG_INFO = YES;
				ONLY_ACTIVE_ARCH = YES;
				SDKROOT = iphoneos;
				VALID_ARCHS = "arm64 armv7";
			};
			name = Debug;
		};
		CCABDFCC1B733066009876AE /* Release */ = {
			isa = XCBuildConfiguration;
			buildSettings = {
				ALWAYS_SEARCH_USER_PATHS = NO;
				CLANG_CXX_LANGUAGE_STANDARD = "gnu++0x";
				CLANG_CXX_LIBRARY = "libc++";
				CLANG_ENABLE_MODULES = YES;
				CLANG_ENABLE_OBJC_ARC = YES;
				CLANG_WARN_BOOL_CONVERSION = YES;
				CLANG_WARN_CONSTANT_CONVERSION = YES;
				CLANG_WARN_DIRECT_OBJC_ISA_USAGE = YES_ERROR;
				CLANG_WARN_EMPTY_BODY = YES;
				CLANG_WARN_ENUM_CONVERSION = YES;
				CLANG_WARN_INT_CONVERSION = YES;
				CLANG_WARN_OBJC_ROOT_CLASS = YES_ERROR;
				CLANG_WARN_UNREACHABLE_CODE = YES;
				CLANG_WARN__DUPLICATE_METHOD_MATCH = YES;
				COPY_PHASE_STRIP = YES;
				ENABLE_NS_ASSERTIONS = NO;
				ENABLE_STRICT_OBJC_MSGSEND = YES;
				GCC_C_LANGUAGE_STANDARD = gnu99;
				GCC_WARN_64_TO_32_BIT_CONVERSION = YES;
				GCC_WARN_ABOUT_RETURN_TYPE = YES_ERROR;
				GCC_WARN_UNDECLARED_SELECTOR = YES;
				GCC_WARN_UNINITIALIZED_AUTOS = YES_AGGRESSIVE;
				GCC_WARN_UNUSED_FUNCTION = YES;
				GCC_WARN_UNUSED_VARIABLE = YES;
				IPHONEOS_DEPLOYMENT_TARGET = 7.0;
				MTL_ENABLE_DEBUG_INFO = NO;
				SDKROOT = iphoneos;
				VALIDATE_PRODUCT = YES;
				VALID_ARCHS = "arm64 armv7";
			};
			name = Release;
		};
		CCABDFCE1B733066009876AE /* Debug */ = {
			isa = XCBuildConfiguration;
			buildSettings = {
				GCC_PREPROCESSOR_DEFINITIONS = SVC_ENCODER_IOS;
				IPHONEOS_DEPLOYMENT_TARGET = 7.0;
				ONLY_ACTIVE_ARCH = NO;
				OTHER_LDFLAGS = "-ObjC";
				PRODUCT_NAME = "$(TARGET_NAME)";
				SKIP_INSTALL = YES;
				USER_HEADER_SEARCH_PATHS = "\"$(SRCROOT)/../../src\"";
				VALID_ARCHS = "arm64 armv7";
			};
			name = Debug;
		};
		CCABDFCF1B733066009876AE /* Release */ = {
			isa = XCBuildConfiguration;
			buildSettings = {
				GCC_PREPROCESSOR_DEFINITIONS = SVC_ENCODER_IOS;
				IPHONEOS_DEPLOYMENT_TARGET = 7.0;
				ONLY_ACTIVE_ARCH = NO;
				OTHER_LDFLAGS = "-ObjC";
				PRODUCT_NAME = "$(TARGET_NAME)";
				SKIP_INSTALL = YES;
				USER_HEADER_SEARCH_PATHS = "\"$(SRCROOT)/../../src\"";
				VALID_ARCHS = "arm64 armv7";
			};
			name = Release;
		};
/* End XCBuildConfiguration section */

/* Begin XCConfigurationList section */
		CCABDFB41B733066009876AE /* Build configuration list for PBXProject "svcenc" */ = {
			isa = XCConfigurationList;
			buildConfigurations = (
				CCABDFCB1B733066009876AE /* Debug */,
				CCABDFCC1B733066009876AE /* Release */,
			);
			defaultConfigurationIsVisible = 0;
			defaultConfigurationName = Release;
		};
		CCABDFCD1B733066009876AE /* Build configuration list for PBXNativeTarget "svcenc" */ = {
			isa = XCConfigurationList;
			buildConfigurations = (
				CCABDFCE1B733066009876AE /* Debug */,
				CCABDFCF1B733066009876AE /* Release */,
			);
			defaultConfigurationIsVisible = 0;
			defaultConfigurationName = Release;
		};
/* End XCConfigurationList section */
	};
	rootObject = CCABDFB11B733066009876AE /* Project object */;
}
