
Microsoft Visual Studio Solution File, Format Version 9.00
# Visual Studio 2005
Project("{8BC9CEB8-8B4A-11D0-8D11-00A0C91BC942}") = "tstffmpeg_demux_decode_x86", "tstffmpeg_demux_decode_x86.vcproj", "{A4B4ACB8-D40F-4E1C-BB8F-2B9692D60616}"
	ProjectSection(ProjectDependencies) = postProject
		{54307A75-AFAF-4D0B-9E9F-11903ECF4A11} = {54307A75-AFAF-4D0B-9E9F-11903ECF4A11}
	EndProjectSection
EndProject
Project("{8BC9CEB8-8B4A-11D0-8D11-00A0C91BC942}") = "libffmpeg_demux_decode_x86", "libffmpeg_demux_decode_x86.vcproj", "{54307A75-AFAF-4D0B-9E9F-11903ECF4A11}"
EndProject
Global
	GlobalSection(SolutionConfigurationPlatforms) = preSolution
		Debug|Win32 = Debug|Win32
		Release|Win32 = Release|Win32
	EndGlobalSection
	GlobalSection(ProjectConfigurationPlatforms) = postSolution
		{A4B4ACB8-D40F-4E1C-BB8F-2B9692D60616}.Debug|Win32.ActiveCfg = Debug|Win32
		{A4B4ACB8-D40F-4E1C-BB8F-2B9692D60616}.Debug|Win32.Build.0 = Debug|Win32
		{A4B4ACB8-D40F-4E1C-BB8F-2B9692D60616}.Release|Win32.ActiveCfg = Release|Win32
		{A4B4ACB8-D40F-4E1C-BB8F-2B9692D60616}.Release|Win32.Build.0 = Release|Win32
		{54307A75-AFAF-4D0B-9E9F-11903ECF4A11}.Debug|Win32.ActiveCfg = Debug|Win32
		{54307A75-AFAF-4D0B-9E9F-11903ECF4A11}.Debug|Win32.Build.0 = Debug|Win32
		{54307A75-AFAF-4D0B-9E9F-11903ECF4A11}.Release|Win32.ActiveCfg = Release|Win32
		{54307A75-AFAF-4D0B-9E9F-11903ECF4A11}.Release|Win32.Build.0 = Release|Win32
	EndGlobalSection
	GlobalSection(SolutionProperties) = preSolution
		HideSolutionNode = FALSE
	EndGlobalSection
EndGlobal
