
Microsoft Visual Studio Solution File, Format Version 9.00
# Visual Studio 2005
Project("{8BC9CEB8-8B4A-11D0-8D11-00A0C91BC942}") = "libh264_encoder_x86", "H264encoder\platform\vs2005\libh264_encoder_x86.vcproj", "{0AE86933-9AEE-462E-802B-CC3666022F20}"
EndProject
Project("{8BC9CEB8-8B4A-11D0-8D11-00A0C91BC942}") = "libh264decoder_x86", "H264decoder\platform\vs2005\libh264decoder_x86.vcproj", "{7738E033-EBC5-4C78-9FF4-27C59634D766}"
EndProject
Project("{8BC9CEB8-8B4A-11D0-8D11-00A0C91BC942}") = "libsvcdec_x86", "svcdecoder\platform\vs2005\libsvcdec_x86.vcproj", "{CB0C32E1-B56E-4DEF-AF90-686A845C40A1}"
EndProject
Project("{8BC9CEB8-8B4A-11D0-8D11-00A0C91BC942}") = "libsvcencoder_x86", "svcencoder\platform\vs2005\libsvcencoder_x86.vcproj", "{90FA9BBA-DA1C-435A-8B9A-1D3509727D55}"
EndProject
Project("{8BC9CEB8-8B4A-11D0-8D11-00A0C91BC942}") = "libffmpeg_demux_decode_x86", "ffmpeg_demux\platform\vs2005\libffmpeg_demux_decode_x86.vcproj", "{54307A75-AFAF-4D0B-9E9F-11903ECF4A11}"
EndProject
Global
	GlobalSection(SolutionConfigurationPlatforms) = preSolution
		Debug|Win32 = Debug|Win32
		Release|Win32 = Release|Win32
	EndGlobalSection
	GlobalSection(ProjectConfigurationPlatforms) = postSolution
		{0AE86933-9AEE-462E-802B-CC3666022F20}.Debug|Win32.ActiveCfg = Debug|Win32
		{0AE86933-9AEE-462E-802B-CC3666022F20}.Debug|Win32.Build.0 = Debug|Win32
		{0AE86933-9AEE-462E-802B-CC3666022F20}.Release|Win32.ActiveCfg = Release|Win32
		{0AE86933-9AEE-462E-802B-CC3666022F20}.Release|Win32.Build.0 = Release|Win32
		{7738E033-EBC5-4C78-9FF4-27C59634D766}.Debug|Win32.ActiveCfg = Debug|Win32
		{7738E033-EBC5-4C78-9FF4-27C59634D766}.Debug|Win32.Build.0 = Debug|Win32
		{7738E033-EBC5-4C78-9FF4-27C59634D766}.Release|Win32.ActiveCfg = Release|Win32
		{7738E033-EBC5-4C78-9FF4-27C59634D766}.Release|Win32.Build.0 = Release|Win32
		{CB0C32E1-B56E-4DEF-AF90-686A845C40A1}.Debug|Win32.ActiveCfg = Debug|Win32
		{CB0C32E1-B56E-4DEF-AF90-686A845C40A1}.Debug|Win32.Build.0 = Debug|Win32
		{CB0C32E1-B56E-4DEF-AF90-686A845C40A1}.Release|Win32.ActiveCfg = Release|Win32
		{CB0C32E1-B56E-4DEF-AF90-686A845C40A1}.Release|Win32.Build.0 = Release|Win32
		{90FA9BBA-DA1C-435A-8B9A-1D3509727D55}.Debug|Win32.ActiveCfg = Debug|Win32
		{90FA9BBA-DA1C-435A-8B9A-1D3509727D55}.Debug|Win32.Build.0 = Debug|Win32
		{90FA9BBA-DA1C-435A-8B9A-1D3509727D55}.Release|Win32.ActiveCfg = Release|Win32
		{90FA9BBA-DA1C-435A-8B9A-1D3509727D55}.Release|Win32.Build.0 = Release|Win32
		{54307A75-AFAF-4D0B-9E9F-11903ECF4A11}.Debug|Win32.ActiveCfg = Debug|Win32
		{54307A75-AFAF-4D0B-9E9F-11903ECF4A11}.Debug|Win32.Build.0 = Debug|Win32
		{54307A75-AFAF-4D0B-9E9F-11903ECF4A11}.Release|Win32.ActiveCfg = Release|Win32
		{54307A75-AFAF-4D0B-9E9F-11903ECF4A11}.Release|Win32.Build.0 = Release|Win32
	EndGlobalSection
	GlobalSection(SolutionProperties) = preSolution
		HideSolutionNode = FALSE
	EndGlobalSection
EndGlobal
